
Microsoft Visual Studio Solution File, Format Version 12.00
# Visual Studio Version 16
VisualStudioVersion = 16.0.31410.357
MinimumVisualStudioVersion = 10.0.40219.1
Project("{9A19103F-16F7-4668-BE54-9A1E7A4F7556}") = "SharpProcesses", "SharpProcesses.csproj", "{6147220A-ADEA-4420-AE08-AA8FE7294EE2}"
EndProject
Project("{FAE04EC0-301F-11D3-BF4B-00C04F79EFBC}") = "Test", "..\Test\Test.csproj", "{C369866E-698B-4CBF-90D3-5C905A9CCD47}"
	ProjectSection(ProjectDependencies) = postProject
		{6147220A-ADEA-4420-AE08-AA8FE7294EE2} = {6147220A-ADEA-4420-AE08-AA8FE7294EE2}
	EndProjectSection
EndProject
Global
	GlobalSection(SolutionConfigurationPlatforms) = preSolution
		Debug|Any CPU = Debug|Any CPU
		Release|Any CPU = Release|Any CPU
	EndGlobalSection
	GlobalSection(ProjectConfigurationPlatforms) = postSolution
		{6147220A-ADEA-4420-AE08-AA8FE7294EE2}.Debug|Any CPU.ActiveCfg = Debug|Any CPU
		{6147220A-ADEA-4420-AE08-AA8FE7294EE2}.Debug|Any CPU.Build.0 = Debug|Any CPU
		{6147220A-ADEA-4420-AE08-AA8FE7294EE2}.Release|Any CPU.ActiveCfg = Release|Any CPU
		{6147220A-ADEA-4420-AE08-AA8FE7294EE2}.Release|Any CPU.Build.0 = Release|Any CPU
		{C369866E-698B-4CBF-90D3-5C905A9CCD47}.Debug|Any CPU.ActiveCfg = Debug|Any CPU
		{C369866E-698B-4CBF-90D3-5C905A9CCD47}.Debug|Any CPU.Build.0 = Debug|Any CPU
		{C369866E-698B-4CBF-90D3-5C905A9CCD47}.Release|Any CPU.ActiveCfg = Release|Any CPU
		{C369866E-698B-4CBF-90D3-5C905A9CCD47}.Release|Any CPU.Build.0 = Release|Any CPU
	EndGlobalSection
	GlobalSection(SolutionProperties) = preSolution
		HideSolutionNode = FALSE
	EndGlobalSection
	GlobalSection(ExtensibilityGlobals) = postSolution
		SolutionGuid = {76A01BBC-CB20-4D3C-AC05-1B8C25AE8229}
	EndGlobalSection
EndGlobal
